{
  "name": "xsheel",
  "version": "0.1.8",
  "lockfileVersion": 3,
  "requires": true,
  "packages": {
    "": {
      "name": "xsheel",
      "version": "0.1.8",
      "license": "MIT",
      "bin": {
        "mwt": "mwt",
        "xsh": "bin/xsh.js"
      },
      "engines": {
        "node": ">=18"
      }
    }
  }
}
